{
  "pins" : [
    {
      "identity" : "corenetworking",
      "kind" : "remoteSourceControl",
      "location" : "https://github.com/iamlaslo/CoreNetworking.git",
      "state" : {
        "branch" : "main",
        "revision" : "e9dac2db09c1328a1e40026e2006ce69d151c750"
      }
    }
  ],
  "version" : 2
}
