{
  "pins" : [
    {
      "identity" : "corenetworking",
      "kind" : "remoteSourceControl",
      "location" : "https://github.com/iamlaslo/CoreNetworking.git",
      "state" : {
        "branch" : "main",
        "revision" : "2dfd4a7560541aa1dd6dffc27454b286c45593f6"
      }
    }
  ],
  "version" : 2
}
